
Microsoft Visual Studio Solution File, Format Version 12.00
# Visual Studio Version 17
VisualStudioVersion = 17.13.35605.110 d17.13
MinimumVisualStudioVersion = 10.0.40219.1
Project("{FAE04EC0-301F-11D3-BF4B-00C04F79EFBC}") = "pratikkk", "pratikkk\pratikkk.csproj", "{9A0B5123-2871-4CB7-8947-F5FDD3AD3BC2}"
EndProject
Global
	GlobalSection(SolutionConfigurationPlatforms) = preSolution
		Debug|Any CPU = Debug|Any CPU
		Release|Any CPU = Release|Any CPU
	EndGlobalSection
	GlobalSection(ProjectConfigurationPlatforms) = postSolution
		{9A0B5123-2871-4CB7-8947-F5FDD3AD3BC2}.Debug|Any CPU.ActiveCfg = Debug|Any CPU
		{9A0B5123-2871-4CB7-8947-F5FDD3AD3BC2}.Debug|Any CPU.Build.0 = Debug|Any CPU
		{9A0B5123-2871-4CB7-8947-F5FDD3AD3BC2}.Release|Any CPU.ActiveCfg = Release|Any CPU
		{9A0B5123-2871-4CB7-8947-F5FDD3AD3BC2}.Release|Any CPU.Build.0 = Release|Any CPU
	EndGlobalSection
	GlobalSection(SolutionProperties) = preSolution
		HideSolutionNode = FALSE
	EndGlobalSection
	GlobalSection(ExtensibilityGlobals) = postSolution
		SolutionGuid = {DA79A93F-5D8C-426E-8CF5-16EB8FDEF754}
	EndGlobalSection
EndGlobal
